
Microsoft Visual Studio Solution File, Format Version 12.00
# Visual Studio Version 16
VisualStudioVersion = 16.0.29806.167
MinimumVisualStudioVersion = 10.0.40219.1
Project("{FAE04EC0-301F-11D3-BF4B-00C04F79EFBC}") = "CarPark", "CarPark\CarPark.csproj", "{48B23171-B208-4802-ADBF-B94E4972F124}"
EndProject
Project("{FAE04EC0-301F-11D3-BF4B-00C04F79EFBC}") = "SettingsLib", "Settings\SettingsLib.csproj", "{21FABB18-A550-4947-BD76-05A215711EDD}"
EndProject
Global
	GlobalSection(SolutionConfigurationPlatforms) = preSolution
		Debug|Any CPU = Debug|Any CPU
		Release|Any CPU = Release|Any CPU
	EndGlobalSection
	GlobalSection(ProjectConfigurationPlatforms) = postSolution
		{48B23171-B208-4802-ADBF-B94E4972F124}.Debug|Any CPU.ActiveCfg = Debug|Any CPU
		{48B23171-B208-4802-ADBF-B94E4972F124}.Debug|Any CPU.Build.0 = Debug|Any CPU
		{48B23171-B208-4802-ADBF-B94E4972F124}.Release|Any CPU.ActiveCfg = Release|Any CPU
		{48B23171-B208-4802-ADBF-B94E4972F124}.Release|Any CPU.Build.0 = Release|Any CPU
		{21FABB18-A550-4947-BD76-05A215711EDD}.Debug|Any CPU.ActiveCfg = Debug|Any CPU
		{21FABB18-A550-4947-BD76-05A215711EDD}.Debug|Any CPU.Build.0 = Debug|Any CPU
		{21FABB18-A550-4947-BD76-05A215711EDD}.Release|Any CPU.ActiveCfg = Release|Any CPU
		{21FABB18-A550-4947-BD76-05A215711EDD}.Release|Any CPU.Build.0 = Release|Any CPU
	EndGlobalSection
	GlobalSection(SolutionProperties) = preSolution
		HideSolutionNode = FALSE
	EndGlobalSection
	GlobalSection(ExtensibilityGlobals) = postSolution
		SolutionGuid = {B7D1DE5D-4CC9-42A7-BB47-05AA61CE18B4}
	EndGlobalSection
EndGlobal
